
Microsoft Visual Studio Solution File, Format Version 12.00
# Visual Studio 15
VisualStudioVersion = 15.0.27428.2037
MinimumVisualStudioVersion = 10.0.40219.1
Project("{FAE04EC0-301F-11D3-BF4B-00C04F79EFBC}") = "Vidly", "Vidly\Vidly.csproj", "{D940CBF9-6515-4A67-B418-F4E699D1C7B4}"
EndProject
Project("{FAE04EC0-301F-11D3-BF4B-00C04F79EFBC}") = "Vidly.Tests", "Vidly.Tests\Vidly.Tests.csproj", "{5273B4BB-EE6D-4632-946A-110B16CD9129}"
EndProject
Global
	GlobalSection(SolutionConfigurationPlatforms) = preSolution
		Debug|Any CPU = Debug|Any CPU
		Release|Any CPU = Release|Any CPU
	EndGlobalSection
	GlobalSection(ProjectConfigurationPlatforms) = postSolution
		{D940CBF9-6515-4A67-B418-F4E699D1C7B4}.Debug|Any CPU.ActiveCfg = Debug|Any CPU
		{D940CBF9-6515-4A67-B418-F4E699D1C7B4}.Debug|Any CPU.Build.0 = Debug|Any CPU
		{D940CBF9-6515-4A67-B418-F4E699D1C7B4}.Release|Any CPU.ActiveCfg = Release|Any CPU
		{D940CBF9-6515-4A67-B418-F4E699D1C7B4}.Release|Any CPU.Build.0 = Release|Any CPU
		{5273B4BB-EE6D-4632-946A-110B16CD9129}.Debug|Any CPU.ActiveCfg = Debug|Any CPU
		{5273B4BB-EE6D-4632-946A-110B16CD9129}.Debug|Any CPU.Build.0 = Debug|Any CPU
		{5273B4BB-EE6D-4632-946A-110B16CD9129}.Release|Any CPU.ActiveCfg = Release|Any CPU
		{5273B4BB-EE6D-4632-946A-110B16CD9129}.Release|Any CPU.Build.0 = Release|Any CPU
	EndGlobalSection
	GlobalSection(SolutionProperties) = preSolution
		HideSolutionNode = FALSE
	EndGlobalSection
	GlobalSection(ExtensibilityGlobals) = postSolution
		SolutionGuid = {74962F7C-011F-4BF7-911A-E759F570D142}
	EndGlobalSection
EndGlobal
